// !$*UTF8*$!
{
	archiveVersion = 1;
	classes = {
	};
	objectVersion = 50;
	objects = {

/* Begin PBXBuildFile section */
		935200D724871AF900E81BF1 /* AppDelegate.swift in Sources */ = {isa = PBXBuildFile; fileRef = 935200D624871AF900E81BF1 /* AppDelegate.swift */; };
		935200D924871AF900E81BF1 /* SceneDelegate.swift in Sources */ = {isa = PBXBuildFile; fileRef = 935200D824871AF900E81BF1 /* SceneDelegate.swift */; };
		935200DB24871AF900E81BF1 /* ViewController.swift in Sources */ = {isa = PBXBuildFile; fileRef = 935200DA24871AF900E81BF1 /* ViewController.swift */; };
		935200DE24871AF900E81BF1 /* Main.storyboard in Resources */ = {isa = PBXBuildFile; fileRef = 935200DC24871AF900E81BF1 /* Main.storyboard */; };
		935200E024871AF900E81BF1 /* Assets.xcassets in Resources */ = {isa = PBXBuildFile; fileRef = 935200DF24871AF900E81BF1 /* Assets.xcassets */; };
		935200E324871AF900E81BF1 /* LaunchScreen.storyboard in Resources */ = {isa = PBXBuildFile; fileRef = 935200E124871AF900E81BF1 /* LaunchScreen.storyboard */; };
		9396EBFD24901103001D8DCE /* TestingAsyncUsingExpectations.swift in Sources */ = {isa = PBXBuildFile; fileRef = 9396EBFC24901103001D8DCE /* TestingAsyncUsingExpectations.swift */; };
		9396EBFF249011BB001D8DCE /* Post.swift in Sources */ = {isa = PBXBuildFile; fileRef = 9396EBFE249011BB001D8DCE /* Post.swift */; };
		9396EC012490289F001D8DCE /* AlertManager.swift in Sources */ = {isa = PBXBuildFile; fileRef = 9396EC002490289F001D8DCE /* AlertManager.swift */; };
		93C60B6424882E86003363BC /* BankAppTests.swift in Sources */ = {isa = PBXBuildFile; fileRef = 93C60B6324882E86003363BC /* BankAppTests.swift */; };
		93C60B6D24895B15003363BC /* Account.swift in Sources */ = {isa = PBXBuildFile; fileRef = 93C60B6C24895B15003363BC /* Account.swift */; };
/* End PBXBuildFile section */

/* Begin PBXContainerItemProxy section */
		93C60B6624882E86003363BC /* PBXContainerItemProxy */ = {
			isa = PBXContainerItemProxy;
			containerPortal = 935200CB24871AF900E81BF1 /* Project object */;
			proxyType = 1;
			remoteGlobalIDString = 935200D224871AF900E81BF1;
			remoteInfo = TestingIOS;
		};
/* End PBXContainerItemProxy section */

/* Begin PBXFileReference section */
		935200D324871AF900E81BF1 /* TestingIOS.app */ = {isa = PBXFileReference; explicitFileType = wrapper.application; includeInIndex = 0; path = TestingIOS.app; sourceTree = BUILT_PRODUCTS_DIR; };
		935200D624871AF900E81BF1 /* AppDelegate.swift */ = {isa = PBXFileReference; lastKnownFileType = sourcecode.swift; path = AppDelegate.swift; sourceTree = "<group>"; };
		935200D824871AF900E81BF1 /* SceneDelegate.swift */ = {isa = PBXFileReference; lastKnownFileType = sourcecode.swift; path = SceneDelegate.swift; sourceTree = "<group>"; };
		935200DA24871AF900E81BF1 /* ViewController.swift */ = {isa = PBXFileReference; lastKnownFileType = sourcecode.swift; path = ViewController.swift; sourceTree = "<group>"; };
		935200DD24871AF900E81BF1 /* Base */ = {isa = PBXFileReference; lastKnownFileType = file.storyboard; name = Base; path = Base.lproj/Main.storyboard; sourceTree = "<group>"; };
		935200DF24871AF900E81BF1 /* Assets.xcassets */ = {isa = PBXFileReference; lastKnownFileType = folder.assetcatalog; path = Assets.xcassets; sourceTree = "<group>"; };
		935200E224871AF900E81BF1 /* Base */ = {isa = PBXFileReference; lastKnownFileType = file.storyboard; name = Base; path = Base.lproj/LaunchScreen.storyboard; sourceTree = "<group>"; };
		935200E424871AF900E81BF1 /* Info.plist */ = {isa = PBXFileReference; lastKnownFileType = text.plist.xml; path = Info.plist; sourceTree = "<group>"; };
		9396EBFC24901103001D8DCE /* TestingAsyncUsingExpectations.swift */ = {isa = PBXFileReference; lastKnownFileType = sourcecode.swift; path = TestingAsyncUsingExpectations.swift; sourceTree = "<group>"; };
		9396EBFE249011BB001D8DCE /* Post.swift */ = {isa = PBXFileReference; lastKnownFileType = sourcecode.swift; path = Post.swift; sourceTree = "<group>"; };
		9396EC002490289F001D8DCE /* AlertManager.swift */ = {isa = PBXFileReference; lastKnownFileType = sourcecode.swift; path = AlertManager.swift; sourceTree = "<group>"; };
		93C60B6124882E86003363BC /* TestingIOSTests.xctest */ = {isa = PBXFileReference; explicitFileType = wrapper.cfbundle; includeInIndex = 0; path = TestingIOSTests.xctest; sourceTree = BUILT_PRODUCTS_DIR; };
		93C60B6324882E86003363BC /* BankAppTests.swift */ = {isa = PBXFileReference; lastKnownFileType = sourcecode.swift; path = BankAppTests.swift; sourceTree = "<group>"; };
		93C60B6524882E86003363BC /* Info.plist */ = {isa = PBXFileReference; lastKnownFileType = text.plist.xml; path = Info.plist; sourceTree = "<group>"; };
		93C60B6C24895B15003363BC /* Account.swift */ = {isa = PBXFileReference; lastKnownFileType = sourcecode.swift; path = Account.swift; sourceTree = "<group>"; };
/* End PBXFileReference section */

/* Begin PBXFrameworksBuildPhase section */
		935200D024871AF900E81BF1 /* Frameworks */ = {
			isa = PBXFrameworksBuildPhase;
			buildActionMask = 2147483647;
			files = (
			);
			runOnlyForDeploymentPostprocessing = 0;
		};
		93C60B5E24882E86003363BC /* Frameworks */ = {
			isa = PBXFrameworksBuildPhase;
			buildActionMask = 2147483647;
			files = (
			);
			runOnlyForDeploymentPostprocessing = 0;
		};
/* End PBXFrameworksBuildPhase section */

/* Begin PBXGroup section */
		935200CA24871AF900E81BF1 = {
			isa = PBXGroup;
			children = (
				935200D524871AF900E81BF1 /* TestingIOS */,
				93C60B6224882E86003363BC /* TestingIOSTests */,
				935200D424871AF900E81BF1 /* Products */,
			);
			sourceTree = "<group>";
		};
		935200D424871AF900E81BF1 /* Products */ = {
			isa = PBXGroup;
			children = (
				935200D324871AF900E81BF1 /* TestingIOS.app */,
				93C60B6124882E86003363BC /* TestingIOSTests.xctest */,
			);
			name = Products;
			sourceTree = "<group>";
		};
		935200D524871AF900E81BF1 /* TestingIOS */ = {
			isa = PBXGroup;
			children = (
				93C60B6B24895B09003363BC /* Models */,
				935200D624871AF900E81BF1 /* AppDelegate.swift */,
				935200D824871AF900E81BF1 /* SceneDelegate.swift */,
				935200DA24871AF900E81BF1 /* ViewController.swift */,
				935200DC24871AF900E81BF1 /* Main.storyboard */,
				935200DF24871AF900E81BF1 /* Assets.xcassets */,
				935200E124871AF900E81BF1 /* LaunchScreen.storyboard */,
				935200E424871AF900E81BF1 /* Info.plist */,
				9396EC002490289F001D8DCE /* AlertManager.swift */,
			);
			path = TestingIOS;
			sourceTree = "<group>";
		};
		93C60B6224882E86003363BC /* TestingIOSTests */ = {
			isa = PBXGroup;
			children = (
				93C60B6324882E86003363BC /* BankAppTests.swift */,
				93C60B6524882E86003363BC /* Info.plist */,
				9396EBFC24901103001D8DCE /* TestingAsyncUsingExpectations.swift */,
			);
			path = TestingIOSTests;
			sourceTree = "<group>";
		};
		93C60B6B24895B09003363BC /* Models */ = {
			isa = PBXGroup;
			children = (
				93C60B6C24895B15003363BC /* Account.swift */,
				9396EBFE249011BB001D8DCE /* Post.swift */,
			);
			path = Models;
			sourceTree = "<group>";
		};
/* End PBXGroup section */

/* Begin PBXNativeTarget section */
		935200D224871AF900E81BF1 /* TestingIOS */ = {
			isa = PBXNativeTarget;
			buildConfigurationList = 935200E724871AF900E81BF1 /* Build configuration list for PBXNativeTarget "TestingIOS" */;
			buildPhases = (
				935200CF24871AF900E81BF1 /* Sources */,
				935200D024871AF900E81BF1 /* Frameworks */,
				935200D124871AF900E81BF1 /* Resources */,
			);
			buildRules = (
			);
			dependencies = (
			);
			name = TestingIOS;
			productName = TestingIOS;
			productReference = 935200D324871AF900E81BF1 /* TestingIOS.app */;
			productType = "com.apple.product-type.application";
		};
		93C60B6024882E86003363BC /* TestingIOSTests */ = {
			isa = PBXNativeTarget;
			buildConfigurationList = 93C60B6A24882E86003363BC /* Build configuration list for PBXNativeTarget "TestingIOSTests" */;
			buildPhases = (
				93C60B5D24882E86003363BC /* Sources */,
				93C60B5E24882E86003363BC /* Frameworks */,
				93C60B5F24882E86003363BC /* Resources */,
			);
			buildRules = (
			);
			dependencies = (
				93C60B6724882E86003363BC /* PBXTargetDependency */,
			);
			name = TestingIOSTests;
			productName = TestingIOSTests;
			productReference = 93C60B6124882E86003363BC /* TestingIOSTests.xctest */;
			productType = "com.apple.product-type.bundle.unit-test";
		};
/* End PBXNativeTarget section */

/* Begin PBXProject section */
		935200CB24871AF900E81BF1 /* Project object */ = {
			isa = PBXProject;
			attributes = {
				LastSwiftUpdateCheck = 1120;
				LastUpgradeCheck = 1120;
				ORGANIZATIONNAME = "Ezequiel Barreto";
				TargetAttributes = {
					935200D224871AF900E81BF1 = {
						CreatedOnToolsVersion = 11.2.1;
					};
					93C60B6024882E86003363BC = {
						CreatedOnToolsVersion = 11.2.1;
						TestTargetID = 935200D224871AF900E81BF1;
					};
				};
			};
			buildConfigurationList = 935200CE24871AF900E81BF1 /* Build configuration list for PBXProject "TestingIOS" */;
			compatibilityVersion = "Xcode 9.3";
			developmentRegion = en;
			hasScannedForEncodings = 0;
			knownRegions = (
				en,
				Base,
			);
			mainGroup = 935200CA24871AF900E81BF1;
			productRefGroup = 935200D424871AF900E81BF1 /* Products */;
			projectDirPath = "";
			projectRoot = "";
			targets = (
				935200D224871AF900E81BF1 /* TestingIOS */,
				93C60B6024882E86003363BC /* TestingIOSTests */,
			);
		};
/* End PBXProject section */

/* Begin PBXResourcesBuildPhase section */
		935200D124871AF900E81BF1 /* Resources */ = {
			isa = PBXResourcesBuildPhase;
			buildActionMask = 2147483647;
			files = (
				935200E324871AF900E81BF1 /* LaunchScreen.storyboard in Resources */,
				935200E024871AF900E81BF1 /* Assets.xcassets in Resources */,
				935200DE24871AF900E81BF1 /* Main.storyboard in Resources */,
			);
			runOnlyForDeploymentPostprocessing = 0;
		};
		93C60B5F24882E86003363BC /* Resources */ = {
			isa = PBXResourcesBuildPhase;
			buildActionMask = 2147483647;
			files = (
			);
			runOnlyForDeploymentPostprocessing = 0;
		};
/* End PBXResourcesBuildPhase section */

/* Begin PBXSourcesBuildPhase section */
		935200CF24871AF900E81BF1 /* Sources */ = {
			isa = PBXSourcesBuildPhase;
			buildActionMask = 2147483647;
			files = (
				935200DB24871AF900E81BF1 /* ViewController.swift in Sources */,
				93C60B6D24895B15003363BC /* Account.swift in Sources */,
				9396EC012490289F001D8DCE /* AlertManager.swift in Sources */,
				935200D724871AF900E81BF1 /* AppDelegate.swift in Sources */,
				935200D924871AF900E81BF1 /* SceneDelegate.swift in Sources */,
				9396EBFF249011BB001D8DCE /* Post.swift in Sources */,
			);
			runOnlyForDeploymentPostprocessing = 0;
		};
		93C60B5D24882E86003363BC /* Sources */ = {
			isa = PBXSourcesBuildPhase;
			buildActionMask = 2147483647;
			files = (
				93C60B6424882E86003363BC /* BankAppTests.swift in Sources */,
				9396EBFD24901103001D8DCE /* TestingAsyncUsingExpectations.swift in Sources */,
			);
			runOnlyForDeploymentPostprocessing = 0;
		};
/* End PBXSourcesBuildPhase section */

/* Begin PBXTargetDependency section */
		93C60B6724882E86003363BC /* PBXTargetDependency */ = {
			isa = PBXTargetDependency;
			target = 935200D224871AF900E81BF1 /* TestingIOS */;
			targetProxy = 93C60B6624882E86003363BC /* PBXContainerItemProxy */;
		};
/* End PBXTargetDependency section */

/* Begin PBXVariantGroup section */
		935200DC24871AF900E81BF1 /* Main.storyboard */ = {
			isa = PBXVariantGroup;
			children = (
				935200DD24871AF900E81BF1 /* Base */,
			);
			name = Main.storyboard;
			sourceTree = "<group>";
		};
		935200E124871AF900E81BF1 /* LaunchScreen.storyboard */ = {
			isa = PBXVariantGroup;
			children = (
				935200E224871AF900E81BF1 /* Base */,
			);
			name = LaunchScreen.storyboard;
			sourceTree = "<group>";
		};
/* End PBXVariantGroup section */

/* Begin XCBuildConfiguration section */
		935200E524871AF900E81BF1 /* Debug */ = {
			isa = XCBuildConfiguration;
			buildSettings = {
				ALWAYS_SEARCH_USER_PATHS = NO;
				CLANG_ANALYZER_NONNULL = YES;
				CLANG_ANALYZER_NUMBER_OBJECT_CONVERSION = YES_AGGRESSIVE;
				CLANG_CXX_LANGUAGE_STANDARD = "gnu++14";
				CLANG_CXX_LIBRARY = "libc++";
				CLANG_ENABLE_MODULES = YES;
				CLANG_ENABLE_OBJC_ARC = YES;
				CLANG_ENABLE_OBJC_WEAK = YES;
				CLANG_WARN_BLOCK_CAPTURE_AUTORELEASING = YES;
				CLANG_WARN_BOOL_CONVERSION = YES;
				CLANG_WARN_COMMA = YES;
				CLANG_WARN_CONSTANT_CONVERSION = YES;
				CLANG_WARN_DEPRECATED_OBJC_IMPLEMENTATIONS = YES;
				CLANG_WARN_DIRECT_OBJC_ISA_USAGE = YES_ERROR;
				CLANG_WARN_DOCUMENTATION_COMMENTS = YES;
				CLANG_WARN_EMPTY_BODY = YES;
				CLANG_WARN_ENUM_CONVERSION = YES;
				CLANG_WARN_INFINITE_RECURSION = YES;
				CLANG_WARN_INT_CONVERSION = YES;
				CLANG_WARN_NON_LITERAL_NULL_CONVERSION = YES;
				CLANG_WARN_OBJC_IMPLICIT_RETAIN_SELF = YES;
				CLANG_WARN_OBJC_LITERAL_CONVERSION = YES;
				CLANG_WARN_OBJC_ROOT_CLASS = YES_ERROR;
				CLANG_WARN_RANGE_LOOP_ANALYSIS = YES;
				CLANG_WARN_STRICT_PROTOTYPES = YES;
				CLANG_WARN_SUSPICIOUS_MOVE = YES;
				CLANG_WARN_UNGUARDED_AVAILABILITY = YES_AGGRESSIVE;
				CLANG_WARN_UNREACHABLE_CODE = YES;
				CLANG_WARN__DUPLICATE_METHOD_MATCH = YES;
				COPY_PHASE_STRIP = NO;
				DEBUG_INFORMATION_FORMAT = dwarf;
				ENABLE_STRICT_OBJC_MSGSEND = YES;
				ENABLE_TESTABILITY = YES;
				GCC_C_LANGUAGE_STANDARD = gnu11;
				GCC_DYNAMIC_NO_PIC = NO;
				GCC_NO_COMMON_BLOCKS = YES;
				GCC_OPTIMIZATION_LEVEL = 0;
				GCC_PREPROCESSOR_DEFINITIONS = (
					"DEBUG=1",
					"$(inherited)",
				);
				GCC_WARN_64_TO_32_BIT_CONVERSION = YES;
				GCC_WARN_ABOUT_RETURN_TYPE = YES_ERROR;
				GCC_WARN_UNDECLARED_SELECTOR = YES;
				GCC_WARN_UNINITIALIZED_AUTOS = YES_AGGRESSIVE;
				GCC_WARN_UNUSED_FUNCTION = YES;
				GCC_WARN_UNUSED_VARIABLE = YES;
				IPHONEOS_DEPLOYMENT_TARGET = 13.2;
				MTL_ENABLE_DEBUG_INFO = INCLUDE_SOURCE;
				MTL_FAST_MATH = YES;
				ONLY_ACTIVE_ARCH = YES;
				SDKROOT = iphoneos;
				SWIFT_ACTIVE_COMPILATION_CONDITIONS = DEBUG;
				SWIFT_OPTIMIZATION_LEVEL = "-Onone";
			};
			name = Debug;
		};
		935200E624871AF900E81BF1 /* Release */ = {
			isa = XCBuildConfiguration;
			buildSettings = {
				ALWAYS_SEARCH_USER_PATHS = NO;
				CLANG_ANALYZER_NONNULL = YES;
				CLANG_ANALYZER_NUMBER_OBJECT_CONVERSION = YES_AGGRESSIVE;
				CLANG_CXX_LANGUAGE_STANDARD = "gnu++14";
				CLANG_CXX_LIBRARY = "libc++";
				CLANG_ENABLE_MODULES = YES;
				CLANG_ENABLE_OBJC_ARC = YES;
				CLANG_ENABLE_OBJC_WEAK = YES;
				CLANG_WARN_BLOCK_CAPTURE_AUTORELEASING = YES;
				CLANG_WARN_BOOL_CONVERSION = YES;
				CLANG_WARN_COMMA = YES;
				CLANG_WARN_CONSTANT_CONVERSION = YES;
				CLANG_WARN_DEPRECATED_OBJC_IMPLEMENTATIONS = YES;
				CLANG_WARN_DIRECT_OBJC_ISA_USAGE = YES_ERROR;
				CLANG_WARN_DOCUMENTATION_COMMENTS = YES;
				CLANG_WARN_EMPTY_BODY = YES;
				CLANG_WARN_ENUM_CONVERSION = YES;
				CLANG_WARN_INFINITE_RECURSION = YES;
				CLANG_WARN_INT_CONVERSION = YES;
				CLANG_WARN_NON_LITERAL_NULL_CONVERSION = YES;
				CLANG_WARN_OBJC_IMPLICIT_RETAIN_SELF = YES;
				CLANG_WARN_OBJC_LITERAL_CONVERSION = YES;
				CLANG_WARN_OBJC_ROOT_CLASS = YES_ERROR;
				CLANG_WARN_RANGE_LOOP_ANALYSIS = YES;
				CLANG_WARN_STRICT_PROTOTYPES = YES;
				CLANG_WARN_SUSPICIOUS_MOVE = YES;
				CLANG_WARN_UNGUARDED_AVAILABILITY = YES_AGGRESSIVE;
				CLANG_WARN_UNREACHABLE_CODE = YES;
				CLANG_WARN__DUPLICATE_METHOD_MATCH = YES;
				COPY_PHASE_STRIP = NO;
				DEBUG_INFORMATION_FORMAT = "dwarf-with-dsym";
				ENABLE_NS_ASSERTIONS = NO;
				ENABLE_STRICT_OBJC_MSGSEND = YES;
				GCC_C_LANGUAGE_STANDARD = gnu11;
				GCC_NO_COMMON_BLOCKS = YES;
				GCC_WARN_64_TO_32_BIT_CONVERSION = YES;
				GCC_WARN_ABOUT_RETURN_TYPE = YES_ERROR;
				GCC_WARN_UNDECLARED_SELECTOR = YES;
				GCC_WARN_UNINITIALIZED_AUTOS = YES_AGGRESSIVE;
				GCC_WARN_UNUSED_FUNCTION = YES;
				GCC_WARN_UNUSED_VARIABLE = YES;
				IPHONEOS_DEPLOYMENT_TARGET = 13.2;
				MTL_ENABLE_DEBUG_INFO = NO;
				MTL_FAST_MATH = YES;
				SDKROOT = iphoneos;
				SWIFT_COMPILATION_MODE = wholemodule;
				SWIFT_OPTIMIZATION_LEVEL = "-O";
				VALIDATE_PRODUCT = YES;
			};
			name = Release;
		};
		935200E824871AF900E81BF1 /* Debug */ = {
			isa = XCBuildConfiguration;
			buildSettings = {
				ASSETCATALOG_COMPILER_APPICON_NAME = AppIcon;
				CODE_SIGN_STYLE = Automatic;
				DEVELOPMENT_TEAM = 5CAN8GD86W;
				INFOPLIST_FILE = TestingIOS/Info.plist;
				LD_RUNPATH_SEARCH_PATHS = (
					"$(inherited)",
					"@executable_path/Frameworks",
				);
				PRODUCT_BUNDLE_IDENTIFIER = ezequiel.barreto.TestingIOS;
				PRODUCT_NAME = "$(TARGET_NAME)";
				SWIFT_VERSION = 5.0;
				TARGETED_DEVICE_FAMILY = "1,2";
			};
			name = Debug;
		};
		935200E924871AF900E81BF1 /* Release */ = {
			isa = XCBuildConfiguration;
			buildSettings = {
				ASSETCATALOG_COMPILER_APPICON_NAME = AppIcon;
				CODE_SIGN_STYLE = Automatic;
				DEVELOPMENT_TEAM = 5CAN8GD86W;
				INFOPLIST_FILE = TestingIOS/Info.plist;
				LD_RUNPATH_SEARCH_PATHS = (
					"$(inherited)",
					"@executable_path/Frameworks",
				);
				PRODUCT_BUNDLE_IDENTIFIER = ezequiel.barreto.TestingIOS;
				PRODUCT_NAME = "$(TARGET_NAME)";
				SWIFT_VERSION = 5.0;
				TARGETED_DEVICE_FAMILY = "1,2";
			};
			name = Release;
		};
		93C60B6824882E86003363BC /* Debug */ = {
			isa = XCBuildConfiguration;
			buildSettings = {
				BUNDLE_LOADER = "$(TEST_HOST)";
				CODE_SIGN_STYLE = Automatic;
				DEVELOPMENT_TEAM = 5CAN8GD86W;
				INFOPLIST_FILE = TestingIOSTests/Info.plist;
				LD_RUNPATH_SEARCH_PATHS = (
					"$(inherited)",
					"@executable_path/Frameworks",
					"@loader_path/Frameworks",
				);
				PRODUCT_BUNDLE_IDENTIFIER = ezequiel.barreto.TestingIOSTests;
				PRODUCT_NAME = "$(TARGET_NAME)";
				SWIFT_VERSION = 5.0;
				TARGETED_DEVICE_FAMILY = "1,2";
				TEST_HOST = "$(BUILT_PRODUCTS_DIR)/TestingIOS.app/TestingIOS";
			};
			name = Debug;
		};
		93C60B6924882E86003363BC /* Release */ = {
			isa = XCBuildConfiguration;
			buildSettings = {
				BUNDLE_LOADER = "$(TEST_HOST)";
				CODE_SIGN_STYLE = Automatic;
				DEVELOPMENT_TEAM = 5CAN8GD86W;
				INFOPLIST_FILE = TestingIOSTests/Info.plist;
				LD_RUNPATH_SEARCH_PATHS = (
					"$(inherited)",
					"@executable_path/Frameworks",
					"@loader_path/Frameworks",
				);
				PRODUCT_BUNDLE_IDENTIFIER = ezequiel.barreto.TestingIOSTests;
				PRODUCT_NAME = "$(TARGET_NAME)";
				SWIFT_VERSION = 5.0;
				TARGETED_DEVICE_FAMILY = "1,2";
				TEST_HOST = "$(BUILT_PRODUCTS_DIR)/TestingIOS.app/TestingIOS";
			};
			name = Release;
		};
/* End XCBuildConfiguration section */

/* Begin XCConfigurationList section */
		935200CE24871AF900E81BF1 /* Build configuration list for PBXProject "TestingIOS" */ = {
			isa = XCConfigurationList;
			buildConfigurations = (
				935200E524871AF900E81BF1 /* Debug */,
				935200E624871AF900E81BF1 /* Release */,
			);
			defaultConfigurationIsVisible = 0;
			defaultConfigurationName = Release;
		};
		935200E724871AF900E81BF1 /* Build configuration list for PBXNativeTarget "TestingIOS" */ = {
			isa = XCConfigurationList;
			buildConfigurations = (
				935200E824871AF900E81BF1 /* Debug */,
				935200E924871AF900E81BF1 /* Release */,
			);
			defaultConfigurationIsVisible = 0;
			defaultConfigurationName = Release;
		};
		93C60B6A24882E86003363BC /* Build configuration list for PBXNativeTarget "TestingIOSTests" */ = {
			isa = XCConfigurationList;
			buildConfigurations = (
				93C60B6824882E86003363BC /* Debug */,
				93C60B6924882E86003363BC /* Release */,
			);
			defaultConfigurationIsVisible = 0;
			defaultConfigurationName = Release;
		};
/* End XCConfigurationList section */
	};
	rootObject = 935200CB24871AF900E81BF1 /* Project object */;
}
